
Microsoft Visual Studio Solution File, Format Version 12.00
# Visual Studio Version 17
VisualStudioVersion = 17.13.35931.197 d17.13
MinimumVisualStudioVersion = 10.0.40219.1
Project("{FAE04EC0-301F-11D3-BF4B-00C04F79EFBC}") = "Zadacha5v0.1", "Zadacha5v0.1\Zadacha5v0.1.csproj", "{5B523B01-6FC5-4856-80C9-8991960F193E}"
EndProject
Global
	GlobalSection(SolutionConfigurationPlatforms) = preSolution
		Debug|Any CPU = Debug|Any CPU
		Release|Any CPU = Release|Any CPU
	EndGlobalSection
	GlobalSection(ProjectConfigurationPlatforms) = postSolution
		{5B523B01-6FC5-4856-80C9-8991960F193E}.Debug|Any CPU.ActiveCfg = Debug|Any CPU
		{5B523B01-6FC5-4856-80C9-8991960F193E}.Debug|Any CPU.Build.0 = Debug|Any CPU
		{5B523B01-6FC5-4856-80C9-8991960F193E}.Release|Any CPU.ActiveCfg = Release|Any CPU
		{5B523B01-6FC5-4856-80C9-8991960F193E}.Release|Any CPU.Build.0 = Release|Any CPU
	EndGlobalSection
	GlobalSection(SolutionProperties) = preSolution
		HideSolutionNode = FALSE
	EndGlobalSection
	GlobalSection(ExtensibilityGlobals) = postSolution
		SolutionGuid = {0991D913-38F5-4F03-8418-FA77EEFA6A20}
	EndGlobalSection
EndGlobal
